// !$*UTF8*$!
{
	archiveVersion = 1;
	classes = {
	};
	objectVersion = 56;
	objects = {

/* Begin PBXBuildFile section */
		74CF0F5B2CC353090044995B /* VCAnimation.swift in Sources */ = {isa = PBXBuildFile; fileRef = 74CF0F5A2CC353090044995B /* VCAnimation.swift */; };
		74E34FC72CA9528500F84ED7 /* AppDelegate.swift in Sources */ = {isa = PBXBuildFile; fileRef = 74E34FC62CA9528500F84ED7 /* AppDelegate.swift */; };
		74E34FC92CA9528500F84ED7 /* SceneDelegate.swift in Sources */ = {isa = PBXBuildFile; fileRef = 74E34FC82CA9528500F84ED7 /* SceneDelegate.swift */; };
		74E34FCE2CA9528500F84ED7 /* Base in Resources */ = {isa = PBXBuildFile; fileRef = 74E34FCD2CA9528500F84ED7 /* Base */; };
		74E34FD02CA9528700F84ED7 /* Assets.xcassets in Resources */ = {isa = PBXBuildFile; fileRef = 74E34FCF2CA9528700F84ED7 /* Assets.xcassets */; };
		74E34FD32CA9528700F84ED7 /* Base in Resources */ = {isa = PBXBuildFile; fileRef = 74E34FD22CA9528700F84ED7 /* Base */; };
		74E34FDB2CA9557500F84ED7 /* VCSoundTable.swift in Sources */ = {isa = PBXBuildFile; fileRef = 74E34FDA2CA9557500F84ED7 /* VCSoundTable.swift */; };
/* End PBXBuildFile section */

/* Begin PBXFileReference section */
		74CF0F5A2CC353090044995B /* VCAnimation.swift */ = {isa = PBXFileReference; lastKnownFileType = sourcecode.swift; path = VCAnimation.swift; sourceTree = "<group>"; };
		74E34FC32CA9528500F84ED7 /* UITableViewDemo.app */ = {isa = PBXFileReference; explicitFileType = wrapper.application; includeInIndex = 0; path = UITableViewDemo.app; sourceTree = BUILT_PRODUCTS_DIR; };
		74E34FC62CA9528500F84ED7 /* AppDelegate.swift */ = {isa = PBXFileReference; lastKnownFileType = sourcecode.swift; path = AppDelegate.swift; sourceTree = "<group>"; };
		74E34FC82CA9528500F84ED7 /* SceneDelegate.swift */ = {isa = PBXFileReference; lastKnownFileType = sourcecode.swift; path = SceneDelegate.swift; sourceTree = "<group>"; };
		74E34FCD2CA9528500F84ED7 /* Base */ = {isa = PBXFileReference; lastKnownFileType = file.storyboard; name = Base; path = Base.lproj/Main.storyboard; sourceTree = "<group>"; };
		74E34FCF2CA9528700F84ED7 /* Assets.xcassets */ = {isa = PBXFileReference; lastKnownFileType = folder.assetcatalog; path = Assets.xcassets; sourceTree = "<group>"; };
		74E34FD22CA9528700F84ED7 /* Base */ = {isa = PBXFileReference; lastKnownFileType = file.storyboard; name = Base; path = Base.lproj/LaunchScreen.storyboard; sourceTree = "<group>"; };
		74E34FD42CA9528700F84ED7 /* Info.plist */ = {isa = PBXFileReference; lastKnownFileType = text.plist.xml; path = Info.plist; sourceTree = "<group>"; };
		74E34FDA2CA9557500F84ED7 /* VCSoundTable.swift */ = {isa = PBXFileReference; lastKnownFileType = sourcecode.swift; path = VCSoundTable.swift; sourceTree = "<group>"; };
/* End PBXFileReference section */

/* Begin PBXFrameworksBuildPhase section */
		74E34FC02CA9528500F84ED7 /* Frameworks */ = {
			isa = PBXFrameworksBuildPhase;
			buildActionMask = 2147483647;
			files = (
			);
			runOnlyForDeploymentPostprocessing = 0;
		};
/* End PBXFrameworksBuildPhase section */

/* Begin PBXGroup section */
		74E34FBA2CA9528500F84ED7 = {
			isa = PBXGroup;
			children = (
				74E34FC52CA9528500F84ED7 /* UITableViewDemo */,
				74E34FC42CA9528500F84ED7 /* Products */,
			);
			sourceTree = "<group>";
		};
		74E34FC42CA9528500F84ED7 /* Products */ = {
			isa = PBXGroup;
			children = (
				74E34FC32CA9528500F84ED7 /* UITableViewDemo.app */,
			);
			name = Products;
			sourceTree = "<group>";
		};
		74E34FC52CA9528500F84ED7 /* UITableViewDemo */ = {
			isa = PBXGroup;
			children = (
				74E34FC62CA9528500F84ED7 /* AppDelegate.swift */,
				74E34FC82CA9528500F84ED7 /* SceneDelegate.swift */,
				74E34FCC2CA9528500F84ED7 /* Main.storyboard */,
				74CF0F5A2CC353090044995B /* VCAnimation.swift */,
				74E34FDA2CA9557500F84ED7 /* VCSoundTable.swift */,
				74E34FCF2CA9528700F84ED7 /* Assets.xcassets */,
				74E34FD12CA9528700F84ED7 /* LaunchScreen.storyboard */,
				74E34FD42CA9528700F84ED7 /* Info.plist */,
			);
			path = UITableViewDemo;
			sourceTree = "<group>";
		};
/* End PBXGroup section */

/* Begin PBXNativeTarget section */
		74E34FC22CA9528500F84ED7 /* UITableViewDemo */ = {
			isa = PBXNativeTarget;
			buildConfigurationList = 74E34FD72CA9528700F84ED7 /* Build configuration list for PBXNativeTarget "UITableViewDemo" */;
			buildPhases = (
				74E34FBF2CA9528500F84ED7 /* Sources */,
				74E34FC02CA9528500F84ED7 /* Frameworks */,
				74E34FC12CA9528500F84ED7 /* Resources */,
			);
			buildRules = (
			);
			dependencies = (
			);
			name = UITableViewDemo;
			productName = UITableViewDemo;
			productReference = 74E34FC32CA9528500F84ED7 /* UITableViewDemo.app */;
			productType = "com.apple.product-type.application";
		};
/* End PBXNativeTarget section */

/* Begin PBXProject section */
		74E34FBB2CA9528500F84ED7 /* Project object */ = {
			isa = PBXProject;
			attributes = {
				BuildIndependentTargetsInParallel = 1;
				LastSwiftUpdateCheck = 1540;
				LastUpgradeCheck = 1540;
				TargetAttributes = {
					74E34FC22CA9528500F84ED7 = {
						CreatedOnToolsVersion = 15.4;
					};
				};
			};
			buildConfigurationList = 74E34FBE2CA9528500F84ED7 /* Build configuration list for PBXProject "UITableViewDemo" */;
			compatibilityVersion = "Xcode 14.0";
			developmentRegion = en;
			hasScannedForEncodings = 0;
			knownRegions = (
				en,
				Base,
			);
			mainGroup = 74E34FBA2CA9528500F84ED7;
			productRefGroup = 74E34FC42CA9528500F84ED7 /* Products */;
			projectDirPath = "";
			projectRoot = "";
			targets = (
				74E34FC22CA9528500F84ED7 /* UITableViewDemo */,
			);
		};
/* End PBXProject section */

/* Begin PBXResourcesBuildPhase section */
		74E34FC12CA9528500F84ED7 /* Resources */ = {
			isa = PBXResourcesBuildPhase;
			buildActionMask = 2147483647;
			files = (
				74E34FD02CA9528700F84ED7 /* Assets.xcassets in Resources */,
				74E34FD32CA9528700F84ED7 /* Base in Resources */,
				74E34FCE2CA9528500F84ED7 /* Base in Resources */,
			);
			runOnlyForDeploymentPostprocessing = 0;
		};
/* End PBXResourcesBuildPhase section */

/* Begin PBXSourcesBuildPhase section */
		74E34FBF2CA9528500F84ED7 /* Sources */ = {
			isa = PBXSourcesBuildPhase;
			buildActionMask = 2147483647;
			files = (
				74E34FDB2CA9557500F84ED7 /* VCSoundTable.swift in Sources */,
				74CF0F5B2CC353090044995B /* VCAnimation.swift in Sources */,
				74E34FC72CA9528500F84ED7 /* AppDelegate.swift in Sources */,
				74E34FC92CA9528500F84ED7 /* SceneDelegate.swift in Sources */,
			);
			runOnlyForDeploymentPostprocessing = 0;
		};
/* End PBXSourcesBuildPhase section */

/* Begin PBXVariantGroup section */
		74E34FCC2CA9528500F84ED7 /* Main.storyboard */ = {
			isa = PBXVariantGroup;
			children = (
				74E34FCD2CA9528500F84ED7 /* Base */,
			);
			name = Main.storyboard;
			sourceTree = "<group>";
		};
		74E34FD12CA9528700F84ED7 /* LaunchScreen.storyboard */ = {
			isa = PBXVariantGroup;
			children = (
				74E34FD22CA9528700F84ED7 /* Base */,
			);
			name = LaunchScreen.storyboard;
			sourceTree = "<group>";
		};
/* End PBXVariantGroup section */

/* Begin XCBuildConfiguration section */
		74E34FD52CA9528700F84ED7 /* Debug */ = {
			isa = XCBuildConfiguration;
			buildSettings = {
				ALWAYS_SEARCH_USER_PATHS = NO;
				ASSETCATALOG_COMPILER_GENERATE_SWIFT_ASSET_SYMBOL_EXTENSIONS = YES;
				CLANG_ANALYZER_NONNULL = YES;
				CLANG_ANALYZER_NUMBER_OBJECT_CONVERSION = YES_AGGRESSIVE;
				CLANG_CXX_LANGUAGE_STANDARD = "gnu++20";
				CLANG_ENABLE_MODULES = YES;
				CLANG_ENABLE_OBJC_ARC = YES;
				CLANG_ENABLE_OBJC_WEAK = YES;
				CLANG_WARN_BLOCK_CAPTURE_AUTORELEASING = YES;
				CLANG_WARN_BOOL_CONVERSION = YES;
				CLANG_WARN_COMMA = YES;
				CLANG_WARN_CONSTANT_CONVERSION = YES;
				CLANG_WARN_DEPRECATED_OBJC_IMPLEMENTATIONS = YES;
				CLANG_WARN_DIRECT_OBJC_ISA_USAGE = YES_ERROR;
				CLANG_WARN_DOCUMENTATION_COMMENTS = YES;
				CLANG_WARN_EMPTY_BODY = YES;
				CLANG_WARN_ENUM_CONVERSION = YES;
				CLANG_WARN_INFINITE_RECURSION = YES;
				CLANG_WARN_INT_CONVERSION = YES;
				CLANG_WARN_NON_LITERAL_NULL_CONVERSION = YES;
				CLANG_WARN_OBJC_IMPLICIT_RETAIN_SELF = YES;
				CLANG_WARN_OBJC_LITERAL_CONVERSION = YES;
				CLANG_WARN_OBJC_ROOT_CLASS = YES_ERROR;
				CLANG_WARN_QUOTED_INCLUDE_IN_FRAMEWORK_HEADER = YES;
				CLANG_WARN_RANGE_LOOP_ANALYSIS = YES;
				CLANG_WARN_STRICT_PROTOTYPES = YES;
				CLANG_WARN_SUSPICIOUS_MOVE = YES;
				CLANG_WARN_UNGUARDED_AVAILABILITY = YES_AGGRESSIVE;
				CLANG_WARN_UNREACHABLE_CODE = YES;
				CLANG_WARN__DUPLICATE_METHOD_MATCH = YES;
				COPY_PHASE_STRIP = NO;
				DEBUG_INFORMATION_FORMAT = dwarf;
				ENABLE_STRICT_OBJC_MSGSEND = YES;
				ENABLE_TESTABILITY = YES;
				ENABLE_USER_SCRIPT_SANDBOXING = YES;
				GCC_C_LANGUAGE_STANDARD = gnu17;
				GCC_DYNAMIC_NO_PIC = NO;
				GCC_NO_COMMON_BLOCKS = YES;
				GCC_OPTIMIZATION_LEVEL = 0;
				GCC_PREPROCESSOR_DEFINITIONS = (
					"DEBUG=1",
					"$(inherited)",
				);
				GCC_WARN_64_TO_32_BIT_CONVERSION = YES;
				GCC_WARN_ABOUT_RETURN_TYPE = YES_ERROR;
				GCC_WARN_UNDECLARED_SELECTOR = YES;
				GCC_WARN_UNINITIALIZED_AUTOS = YES_AGGRESSIVE;
				GCC_WARN_UNUSED_FUNCTION = YES;
				GCC_WARN_UNUSED_VARIABLE = YES;
				IPHONEOS_DEPLOYMENT_TARGET = 17.5;
				LOCALIZATION_PREFERS_STRING_CATALOGS = YES;
				MTL_ENABLE_DEBUG_INFO = INCLUDE_SOURCE;
				MTL_FAST_MATH = YES;
				ONLY_ACTIVE_ARCH = YES;
				SDKROOT = iphoneos;
				SWIFT_ACTIVE_COMPILATION_CONDITIONS = "DEBUG $(inherited)";
				SWIFT_OPTIMIZATION_LEVEL = "-Onone";
			};
			name = Debug;
		};
		74E34FD62CA9528700F84ED7 /* Release */ = {
			isa = XCBuildConfiguration;
			buildSettings = {
				ALWAYS_SEARCH_USER_PATHS = NO;
				ASSETCATALOG_COMPILER_GENERATE_SWIFT_ASSET_SYMBOL_EXTENSIONS = YES;
				CLANG_ANALYZER_NONNULL = YES;
				CLANG_ANALYZER_NUMBER_OBJECT_CONVERSION = YES_AGGRESSIVE;
				CLANG_CXX_LANGUAGE_STANDARD = "gnu++20";
				CLANG_ENABLE_MODULES = YES;
				CLANG_ENABLE_OBJC_ARC = YES;
				CLANG_ENABLE_OBJC_WEAK = YES;
				CLANG_WARN_BLOCK_CAPTURE_AUTORELEASING = YES;
				CLANG_WARN_BOOL_CONVERSION = YES;
				CLANG_WARN_COMMA = YES;
				CLANG_WARN_CONSTANT_CONVERSION = YES;
				CLANG_WARN_DEPRECATED_OBJC_IMPLEMENTATIONS = YES;
				CLANG_WARN_DIRECT_OBJC_ISA_USAGE = YES_ERROR;
				CLANG_WARN_DOCUMENTATION_COMMENTS = YES;
				CLANG_WARN_EMPTY_BODY = YES;
				CLANG_WARN_ENUM_CONVERSION = YES;
				CLANG_WARN_INFINITE_RECURSION = YES;
				CLANG_WARN_INT_CONVERSION = YES;
				CLANG_WARN_NON_LITERAL_NULL_CONVERSION = YES;
				CLANG_WARN_OBJC_IMPLICIT_RETAIN_SELF = YES;
				CLANG_WARN_OBJC_LITERAL_CONVERSION = YES;
				CLANG_WARN_OBJC_ROOT_CLASS = YES_ERROR;
				CLANG_WARN_QUOTED_INCLUDE_IN_FRAMEWORK_HEADER = YES;
				CLANG_WARN_RANGE_LOOP_ANALYSIS = YES;
				CLANG_WARN_STRICT_PROTOTYPES = YES;
				CLANG_WARN_SUSPICIOUS_MOVE = YES;
				CLANG_WARN_UNGUARDED_AVAILABILITY = YES_AGGRESSIVE;
				CLANG_WARN_UNREACHABLE_CODE = YES;
				CLANG_WARN__DUPLICATE_METHOD_MATCH = YES;
				COPY_PHASE_STRIP = NO;
				DEBUG_INFORMATION_FORMAT = "dwarf-with-dsym";
				ENABLE_NS_ASSERTIONS = NO;
				ENABLE_STRICT_OBJC_MSGSEND = YES;
				ENABLE_USER_SCRIPT_SANDBOXING = YES;
				GCC_C_LANGUAGE_STANDARD = gnu17;
				GCC_NO_COMMON_BLOCKS = YES;
				GCC_WARN_64_TO_32_BIT_CONVERSION = YES;
				GCC_WARN_ABOUT_RETURN_TYPE = YES_ERROR;
				GCC_WARN_UNDECLARED_SELECTOR = YES;
				GCC_WARN_UNINITIALIZED_AUTOS = YES_AGGRESSIVE;
				GCC_WARN_UNUSED_FUNCTION = YES;
				GCC_WARN_UNUSED_VARIABLE = YES;
				IPHONEOS_DEPLOYMENT_TARGET = 17.5;
				LOCALIZATION_PREFERS_STRING_CATALOGS = YES;
				MTL_ENABLE_DEBUG_INFO = NO;
				MTL_FAST_MATH = YES;
				SDKROOT = iphoneos;
				SWIFT_COMPILATION_MODE = wholemodule;
				VALIDATE_PRODUCT = YES;
			};
			name = Release;
		};
		74E34FD82CA9528700F84ED7 /* Debug */ = {
			isa = XCBuildConfiguration;
			buildSettings = {
				ASSETCATALOG_COMPILER_APPICON_NAME = AppIcon;
				ASSETCATALOG_COMPILER_GLOBAL_ACCENT_COLOR_NAME = AccentColor;
				CODE_SIGN_STYLE = Automatic;
				CURRENT_PROJECT_VERSION = 1;
				DEVELOPMENT_TEAM = 5V2FA35Z8V;
				GENERATE_INFOPLIST_FILE = YES;
				INFOPLIST_FILE = UITableViewDemo/Info.plist;
				INFOPLIST_KEY_UIApplicationSupportsIndirectInputEvents = YES;
				INFOPLIST_KEY_UILaunchStoryboardName = LaunchScreen;
				INFOPLIST_KEY_UIMainStoryboardFile = Main;
				INFOPLIST_KEY_UISupportedInterfaceOrientations_iPad = "UIInterfaceOrientationPortrait UIInterfaceOrientationPortraitUpsideDown UIInterfaceOrientationLandscapeLeft UIInterfaceOrientationLandscapeRight";
				INFOPLIST_KEY_UISupportedInterfaceOrientations_iPhone = "UIInterfaceOrientationPortrait UIInterfaceOrientationLandscapeLeft UIInterfaceOrientationLandscapeRight";
				LD_RUNPATH_SEARCH_PATHS = (
					"$(inherited)",
					"@executable_path/Frameworks",
				);
				MARKETING_VERSION = 1.0;
				PRODUCT_BUNDLE_IDENTIFIER = com.makexyz.UITableViewDemo;
				PRODUCT_NAME = "$(TARGET_NAME)";
				SWIFT_EMIT_LOC_STRINGS = YES;
				SWIFT_VERSION = 5.0;
				TARGETED_DEVICE_FAMILY = "1,2";
			};
			name = Debug;
		};
		74E34FD92CA9528700F84ED7 /* Release */ = {
			isa = XCBuildConfiguration;
			buildSettings = {
				ASSETCATALOG_COMPILER_APPICON_NAME = AppIcon;
				ASSETCATALOG_COMPILER_GLOBAL_ACCENT_COLOR_NAME = AccentColor;
				CODE_SIGN_STYLE = Automatic;
				CURRENT_PROJECT_VERSION = 1;
				DEVELOPMENT_TEAM = 5V2FA35Z8V;
				GENERATE_INFOPLIST_FILE = YES;
				INFOPLIST_FILE = UITableViewDemo/Info.plist;
				INFOPLIST_KEY_UIApplicationSupportsIndirectInputEvents = YES;
				INFOPLIST_KEY_UILaunchStoryboardName = LaunchScreen;
				INFOPLIST_KEY_UIMainStoryboardFile = Main;
				INFOPLIST_KEY_UISupportedInterfaceOrientations_iPad = "UIInterfaceOrientationPortrait UIInterfaceOrientationPortraitUpsideDown UIInterfaceOrientationLandscapeLeft UIInterfaceOrientationLandscapeRight";
				INFOPLIST_KEY_UISupportedInterfaceOrientations_iPhone = "UIInterfaceOrientationPortrait UIInterfaceOrientationLandscapeLeft UIInterfaceOrientationLandscapeRight";
				LD_RUNPATH_SEARCH_PATHS = (
					"$(inherited)",
					"@executable_path/Frameworks",
				);
				MARKETING_VERSION = 1.0;
				PRODUCT_BUNDLE_IDENTIFIER = com.makexyz.UITableViewDemo;
				PRODUCT_NAME = "$(TARGET_NAME)";
				SWIFT_EMIT_LOC_STRINGS = YES;
				SWIFT_VERSION = 5.0;
				TARGETED_DEVICE_FAMILY = "1,2";
			};
			name = Release;
		};
/* End XCBuildConfiguration section */

/* Begin XCConfigurationList section */
		74E34FBE2CA9528500F84ED7 /* Build configuration list for PBXProject "UITableViewDemo" */ = {
			isa = XCConfigurationList;
			buildConfigurations = (
				74E34FD52CA9528700F84ED7 /* Debug */,
				74E34FD62CA9528700F84ED7 /* Release */,
			);
			defaultConfigurationIsVisible = 0;
			defaultConfigurationName = Release;
		};
		74E34FD72CA9528700F84ED7 /* Build configuration list for PBXNativeTarget "UITableViewDemo" */ = {
			isa = XCConfigurationList;
			buildConfigurations = (
				74E34FD82CA9528700F84ED7 /* Debug */,
				74E34FD92CA9528700F84ED7 /* Release */,
			);
			defaultConfigurationIsVisible = 0;
			defaultConfigurationName = Release;
		};
/* End XCConfigurationList section */
	};
	rootObject = 74E34FBB2CA9528500F84ED7 /* Project object */;
}
